{
  "version": 4,
  "terraform_version": "1.3.7",
  "serial": 156,
  "lineage": "3ad90d29-f480-57ff-f497-684e6c40bce2",
  "outputs": {},
  "resources": [
    {
      "mode": "managed",
      "type": "google_compute_network",
      "name": "app_vpc",
      "provider": "provider[\"registry.terraform.io/hashicorp/google\"]",
      "instances": [
        {
          "schema_version": 0,
          "attributes": {
            "auto_create_subnetworks": false,
            "delete_default_routes_on_create": false,
            "description": "",
            "enable_ula_internal_ipv6": false,
            "gateway_ipv4": "",
            "id": "projects/just-camera-375607/global/networks/app-vpc",
            "internal_ipv6_range": "",
            "mtu": 0,
            "name": "app-vpc",
            "project": "just-camera-375607",
            "routing_mode": "REGIONAL",
            "self_link": "https://www.googleapis.com/compute/v1/projects/just-camera-375607/global/networks/app-vpc",
            "timeouts": null
          },
          "sensitive_attributes": [],
          "private": "eyJlMmJmYjczMC1lY2FhLTExZTYtOGY4OC0zNDM2M2JjN2M0YzAiOnsiY3JlYXRlIjoxMjAwMDAwMDAwMDAwLCJkZWxldGUiOjEyMDAwMDAwMDAwMDAsInVwZGF0ZSI6MTIwMDAwMDAwMDAwMH19"
        }
      ]
    },
    {
      "mode": "managed",
      "type": "google_compute_network",
      "name": "sql_vpc",
      "provider": "provider[\"registry.terraform.io/hashicorp/google\"].db",
      "instances": [
        {
          "schema_version": 0,
          "attributes": {
            "auto_create_subnetworks": false,
            "delete_default_routes_on_create": false,
            "description": "",
            "enable_ula_internal_ipv6": false,
            "gateway_ipv4": "",
            "id": "projects/developer-project-380708/global/networks/sql-vpc",
            "internal_ipv6_range": "",
            "mtu": 0,
            "name": "sql-vpc",
            "project": "developer-project-380708",
            "routing_mode": "REGIONAL",
            "self_link": "https://www.googleapis.com/compute/v1/projects/developer-project-380708/global/networks/sql-vpc",
            "timeouts": null
          },
          "sensitive_attributes": [],
          "private": "eyJlMmJmYjczMC1lY2FhLTExZTYtOGY4OC0zNDM2M2JjN2M0YzAiOnsiY3JlYXRlIjoxMjAwMDAwMDAwMDAwLCJkZWxldGUiOjEyMDAwMDAwMDAwMDAsInVwZGF0ZSI6MTIwMDAwMDAwMDAwMH19"
        }
      ]
    },
    {
      "mode": "managed",
      "type": "google_compute_network_peering",
      "name": "peering2",
      "provider": "provider[\"registry.terraform.io/hashicorp/google\"].db",
      "instances": [
        {
          "schema_version": 0,
          "attributes": {
            "export_custom_routes": false,
            "export_subnet_routes_with_public_ip": true,
            "id": "sql-vpc/peering2",
            "import_custom_routes": false,
            "import_subnet_routes_with_public_ip": false,
            "name": "peering2",
            "network": "projects/developer-project-380708/global/networks/sql-vpc",
            "peer_network": "https://www.googleapis.com/compute/v1/projects/just-camera-375607/global/networks/app-vpc",
            "state": "ACTIVE",
            "state_details": "[2023-03-15T02:19:09.023-07:00]: Connected.",
            "timeouts": null
          },
          "sensitive_attributes": [],
          "private": "eyJlMmJmYjczMC1lY2FhLTExZTYtOGY4OC0zNDM2M2JjN2M0YzAiOnsiY3JlYXRlIjoyNDAwMDAwMDAwMDAsImRlbGV0ZSI6MjQwMDAwMDAwMDAwLCJ1cGRhdGUiOjI0MDAwMDAwMDAwMH19",
          "dependencies": [
            "google_compute_network.app_vpc",
            "google_compute_network.sql_vpc"
          ]
        }
      ]
    },
    {
      "mode": "managed",
      "type": "google_sql_database_instance",
      "name": "sql_db",
      "provider": "provider[\"registry.terraform.io/hashicorp/google\"].db",
      "instances": [
        {
          "schema_version": 0,
          "attributes": {
            "available_maintenance_versions": [],
            "clone": [],
            "connection_name": "developer-project-380708:asia-south1:sqldb",
            "database_version": "MYSQL_5_7",
            "deletion_protection": true,
            "encryption_key_name": null,
            "first_ip_address": "35.200.168.232",
            "id": "sqldb",
            "instance_type": "CLOUD_SQL_INSTANCE",
            "ip_address": [
              {
                "ip_address": "35.200.168.232",
                "time_to_retire": "",
                "type": "PRIMARY"
              }
            ],
            "maintenance_version": "MYSQL_5_7_39.R20221108.00_08",
            "master_instance_name": "",
            "name": "sqldb",
            "private_ip_address": "",
            "project": "developer-project-380708",
            "public_ip_address": "35.200.168.232",
            "region": "asia-south1",
            "replica_configuration": [],
            "restore_backup_context": [],
            "root_password": null,
            "self_link": "https://sqladmin.googleapis.com/sql/v1beta4/projects/developer-project-380708/instances/sqldb",
            "server_ca_cert": [
              {
                "cert": "-----BEGIN CERTIFICATE-----\nMIIDfzCCAmegAwIBAgIBADANBgkqhkiG9w0BAQsFADB3MS0wKwYDVQQuEyRhMDU3\nOTc3OC0zMTQ5LTRhODEtYWVmOS0zYTU3NTNiMzZiNTExIzAhBgNVBAMTGkdvb2ds\nZSBDbG91ZCBTUUwgU2VydmVyIENBMRQwEgYDVQQKEwtHb29nbGUsIEluYzELMAkG\nA1UEBhMCVVMwHhcNMjMwMzE1MDk1MDE0WhcNMzMwMzEyMDk1MTE0WjB3MS0wKwYD\nVQQuEyRhMDU3OTc3OC0zMTQ5LTRhODEtYWVmOS0zYTU3NTNiMzZiNTExIzAhBgNV\nBAMTGkdvb2dsZSBDbG91ZCBTUUwgU2VydmVyIENBMRQwEgYDVQQKEwtHb29nbGUs\nIEluYzELMAkGA1UEBhMCVVMwggEiMA0GCSqGSIb3DQEBAQUAA4IBDwAwggEKAoIB\nAQCx3aRQhM5YIviwWKvBt9XyUbTxSPcynUr/5X+dzMdv2wsMdXpszhxJEMPP3FKB\nTdyR3jhYcS5mBDFoPKKaopg7YgHEi3wgDM1JxiRLI/x91O/D17Kv8Y5KAXrAfhEu\nzbedSyC/8SvGtEzDV7wbzuBNMLnJMWlsvuT0UjpldS+EHcsf13mhlYm3+bSsa2wn\nxOINNPl/RUxqltlT74JMKbftxCiWLYwQlkvsaNUG9hc8D5bhOt2Y8jd3rrG2MdhP\nqlQ/W1foNgG9kR7J2KyUOkTc6FPVps7w2/uMVoUO86ZY2WN0YJcWBc+SFoC5R74K\nnAIKdG2C/wt2iWXwpGnisHDrAgMBAAGjFjAUMBIGA1UdEwEB/wQIMAYBAf8CAQAw\nDQYJKoZIhvcNAQELBQADggEBAG5IHEngdFeYS8r6SecyrkG4+0viWt5j6eU/KQ+/\nw0m/O7AliRrWPv3TXTi40w3ELxcyTa+L7FRP1msMqlfNBZYclyRCs9CVBFoVutuD\nsxKvv9KlH/3pKDSd384N1hQR2Qfyg+KI+FX6GPJgtEE9t0zqZmaA/E1s+kjxc4ww\nhg/tLkT0xAj1X7Fd4poefXnl/JzEIsugAoCmxI/tfyxFI04dNLVpM9Rw/Ld+kwTg\nOyuD2uqMGXQM8NBx0FbB4QhJqxvrPrnMkIgLpBfUFe/JBj0XnXmxgOJUgMtLJNXf\n+m/Oj5b6kX+kzdS51/R+xLVhiB84DsYGX+xZUlDbp2/D+qs=\n-----END CERTIFICATE-----",
                "common_name": "C=US,O=Google\\, Inc,CN=Google Cloud SQL Server CA,dnQualifier=a0579778-3149-4a81-aef9-3a5753b36b51",
                "create_time": "2023-03-15T09:50:14.655Z",
                "expiration_time": "2033-03-12T09:51:14.655Z",
                "sha1_fingerprint": "8aed2ee3d04f6f226cb03d85287d0a224c8b9d3a"
              }
            ],
            "service_account_email_address": "p7527026485-8v5cy1@gcp-sa-cloud-sql.iam.gserviceaccount.com",
            "settings": [
              {
                "activation_policy": "ALWAYS",
                "active_directory_config": [],
                "availability_type": "ZONAL",
                "backup_configuration": [
                  {
                    "backup_retention_settings": [
                      {
                        "retained_backups": 7,
                        "retention_unit": "COUNT"
                      }
                    ],
                    "binary_log_enabled": false,
                    "enabled": false,
                    "location": "",
                    "point_in_time_recovery_enabled": false,
                    "start_time": "02:00",
                    "transaction_log_retention_days": 7
                  }
                ],
                "collation": "",
                "connector_enforcement": "NOT_REQUIRED",
                "database_flags": [],
                "deletion_protection_enabled": false,
                "deny_maintenance_period": [],
                "disk_autoresize": true,
                "disk_autoresize_limit": 0,
                "disk_size": 10,
                "disk_type": "PD_SSD",
                "insights_config": [],
                "ip_configuration": [
                  {
                    "allocated_ip_range": "",
                    "authorized_networks": [
                      {
                        "expiration_time": "",
                        "name": "appSQLconnect",
                        "value": "0.0.0.0/0"
                      }
                    ],
                    "enable_private_path_for_google_cloud_services": false,
                    "ipv4_enabled": true,
                    "private_network": "",
                    "require_ssl": false
                  }
                ],
                "location_preference": [
                  {
                    "follow_gae_application": "",
                    "secondary_zone": "",
                    "zone": "asia-south1-a"
                  }
                ],
                "maintenance_window": [],
                "password_validation_policy": [],
                "pricing_plan": "PER_USE",
                "sql_server_audit_config": [],
                "tier": "db-f1-micro",
                "time_zone": "",
                "user_labels": {},
                "version": 1
              }
            ],
            "timeouts": null
          },
          "sensitive_attributes": [],
          "private": "eyJlMmJmYjczMC1lY2FhLTExZTYtOGY4OC0zNDM2M2JjN2M0YzAiOnsiY3JlYXRlIjoyNDAwMDAwMDAwMDAwLCJkZWxldGUiOjE4MDAwMDAwMDAwMDAsInVwZGF0ZSI6MTgwMDAwMDAwMDAwMH19",
          "dependencies": [
            "google_compute_network.sql_vpc"
          ]
        }
      ]
    }
  ],
  "check_results": null
}
